// !$*UTF8*$!
{
	archiveVersion = 1;
	classes = {
	};
	objectVersion = 50;
	objects = {

/* Begin PBXBuildFile section */
		329EACA82159074800A0C8DA /* AppDelegate.swift in Sources */ = {isa = PBXBuildFile; fileRef = 329EACA72159074800A0C8DA /* AppDelegate.swift */; };
		329EACAD2159074800A0C8DA /* TimetableViewController.storyboard in Resources */ = {isa = PBXBuildFile; fileRef = 329EACAB2159074800A0C8DA /* TimetableViewController.storyboard */; };
		329EACAF2159074900A0C8DA /* Assets.xcassets in Resources */ = {isa = PBXBuildFile; fileRef = 329EACAE2159074900A0C8DA /* Assets.xcassets */; };
		329EACB22159074900A0C8DA /* LaunchScreen.storyboard in Resources */ = {isa = PBXBuildFile; fileRef = 329EACB02159074900A0C8DA /* LaunchScreen.storyboard */; };
		329EACBD2159074900A0C8DA /* BengakuTests.swift in Sources */ = {isa = PBXBuildFile; fileRef = 329EACBC2159074900A0C8DA /* BengakuTests.swift */; };
		329EACC82159074900A0C8DA /* BengakuUITests.swift in Sources */ = {isa = PBXBuildFile; fileRef = 329EACC72159074900A0C8DA /* BengakuUITests.swift */; };
		329EACD621591A3100A0C8DA /* TimetableViewController.swift in Sources */ = {isa = PBXBuildFile; fileRef = 329EACD521591A3100A0C8DA /* TimetableViewController.swift */; };
		387D5281E28256CBE32A12EE /* Pods_Bengaku.framework in Frameworks */ = {isa = PBXBuildFile; fileRef = 176FA04C4ED6AAC0CD77B6FE /* Pods_Bengaku.framework */; };
		6E6DC87C4391F5E1434EFA80 /* Pods_BengakuUITests.framework in Frameworks */ = {isa = PBXBuildFile; fileRef = D0100BA6F3CD569150BCB3AA /* Pods_BengakuUITests.framework */; };
		AD2A00A13057CFABB4C625DB /* Pods_BengakuTests.framework in Frameworks */ = {isa = PBXBuildFile; fileRef = 6972D3283AE4567FA359DC60 /* Pods_BengakuTests.framework */; };
/* End PBXBuildFile section */

/* Begin PBXContainerItemProxy section */
		329EACB92159074900A0C8DA /* PBXContainerItemProxy */ = {
			isa = PBXContainerItemProxy;
			containerPortal = 329EAC9C2159074800A0C8DA /* Project object */;
			proxyType = 1;
			remoteGlobalIDString = 329EACA32159074800A0C8DA;
			remoteInfo = Bengaku;
		};
		329EACC42159074900A0C8DA /* PBXContainerItemProxy */ = {
			isa = PBXContainerItemProxy;
			containerPortal = 329EAC9C2159074800A0C8DA /* Project object */;
			proxyType = 1;
			remoteGlobalIDString = 329EACA32159074800A0C8DA;
			remoteInfo = Bengaku;
		};
/* End PBXContainerItemProxy section */

/* Begin PBXFileReference section */
		05B3B42A28C4CA0E64C31BB2 /* Pods-BengakuTests.release.xcconfig */ = {isa = PBXFileReference; includeInIndex = 1; lastKnownFileType = text.xcconfig; name = "Pods-BengakuTests.release.xcconfig"; path = "Pods/Target Support Files/Pods-BengakuTests/Pods-BengakuTests.release.xcconfig"; sourceTree = "<group>"; };
		176FA04C4ED6AAC0CD77B6FE /* Pods_Bengaku.framework */ = {isa = PBXFileReference; explicitFileType = wrapper.framework; includeInIndex = 0; path = Pods_Bengaku.framework; sourceTree = BUILT_PRODUCTS_DIR; };
		329EACA42159074800A0C8DA /* Bengaku.app */ = {isa = PBXFileReference; explicitFileType = wrapper.application; includeInIndex = 0; path = Bengaku.app; sourceTree = BUILT_PRODUCTS_DIR; };
		329EACA72159074800A0C8DA /* AppDelegate.swift */ = {isa = PBXFileReference; lastKnownFileType = sourcecode.swift; path = AppDelegate.swift; sourceTree = "<group>"; };
		329EACAC2159074800A0C8DA /* Base */ = {isa = PBXFileReference; lastKnownFileType = file.storyboard; name = Base; path = Base.lproj/TimetableViewController.storyboard; sourceTree = "<group>"; };
		329EACAE2159074900A0C8DA /* Assets.xcassets */ = {isa = PBXFileReference; lastKnownFileType = folder.assetcatalog; path = Assets.xcassets; sourceTree = "<group>"; };
		329EACB12159074900A0C8DA /* Base */ = {isa = PBXFileReference; lastKnownFileType = file.storyboard; name = Base; path = Base.lproj/LaunchScreen.storyboard; sourceTree = "<group>"; };
		329EACB32159074900A0C8DA /* Info.plist */ = {isa = PBXFileReference; lastKnownFileType = text.plist.xml; path = Info.plist; sourceTree = "<group>"; };
		329EACB82159074900A0C8DA /* BengakuTests.xctest */ = {isa = PBXFileReference; explicitFileType = wrapper.cfbundle; includeInIndex = 0; path = BengakuTests.xctest; sourceTree = BUILT_PRODUCTS_DIR; };
		329EACBC2159074900A0C8DA /* BengakuTests.swift */ = {isa = PBXFileReference; lastKnownFileType = sourcecode.swift; path = BengakuTests.swift; sourceTree = "<group>"; };
		329EACBE2159074900A0C8DA /* Info.plist */ = {isa = PBXFileReference; lastKnownFileType = text.plist.xml; path = Info.plist; sourceTree = "<group>"; };
		329EACC32159074900A0C8DA /* BengakuUITests.xctest */ = {isa = PBXFileReference; explicitFileType = wrapper.cfbundle; includeInIndex = 0; path = BengakuUITests.xctest; sourceTree = BUILT_PRODUCTS_DIR; };
		329EACC72159074900A0C8DA /* BengakuUITests.swift */ = {isa = PBXFileReference; lastKnownFileType = sourcecode.swift; path = BengakuUITests.swift; sourceTree = "<group>"; };
		329EACC92159074900A0C8DA /* Info.plist */ = {isa = PBXFileReference; lastKnownFileType = text.plist.xml; path = Info.plist; sourceTree = "<group>"; };
		329EACD521591A3100A0C8DA /* TimetableViewController.swift */ = {isa = PBXFileReference; lastKnownFileType = sourcecode.swift; path = TimetableViewController.swift; sourceTree = "<group>"; };
		6972D3283AE4567FA359DC60 /* Pods_BengakuTests.framework */ = {isa = PBXFileReference; explicitFileType = wrapper.framework; includeInIndex = 0; path = Pods_BengakuTests.framework; sourceTree = BUILT_PRODUCTS_DIR; };
		7F7F5C100235E4931E981630 /* Pods-Bengaku.debug.xcconfig */ = {isa = PBXFileReference; includeInIndex = 1; lastKnownFileType = text.xcconfig; name = "Pods-Bengaku.debug.xcconfig"; path = "Pods/Target Support Files/Pods-Bengaku/Pods-Bengaku.debug.xcconfig"; sourceTree = "<group>"; };
		80720922206ECF91F73D2257 /* Pods-BengakuUITests.debug.xcconfig */ = {isa = PBXFileReference; includeInIndex = 1; lastKnownFileType = text.xcconfig; name = "Pods-BengakuUITests.debug.xcconfig"; path = "Pods/Target Support Files/Pods-BengakuUITests/Pods-BengakuUITests.debug.xcconfig"; sourceTree = "<group>"; };
		D0100BA6F3CD569150BCB3AA /* Pods_BengakuUITests.framework */ = {isa = PBXFileReference; explicitFileType = wrapper.framework; includeInIndex = 0; path = Pods_BengakuUITests.framework; sourceTree = BUILT_PRODUCTS_DIR; };
		D48079A1E27EEDA15591B024 /* Pods-BengakuUITests.release.xcconfig */ = {isa = PBXFileReference; includeInIndex = 1; lastKnownFileType = text.xcconfig; name = "Pods-BengakuUITests.release.xcconfig"; path = "Pods/Target Support Files/Pods-BengakuUITests/Pods-BengakuUITests.release.xcconfig"; sourceTree = "<group>"; };
		E19B979608C45B9B0CEC136D /* Pods-Bengaku.release.xcconfig */ = {isa = PBXFileReference; includeInIndex = 1; lastKnownFileType = text.xcconfig; name = "Pods-Bengaku.release.xcconfig"; path = "Pods/Target Support Files/Pods-Bengaku/Pods-Bengaku.release.xcconfig"; sourceTree = "<group>"; };
		E4E449120092B624296F80E4 /* Pods-BengakuTests.debug.xcconfig */ = {isa = PBXFileReference; includeInIndex = 1; lastKnownFileType = text.xcconfig; name = "Pods-BengakuTests.debug.xcconfig"; path = "Pods/Target Support Files/Pods-BengakuTests/Pods-BengakuTests.debug.xcconfig"; sourceTree = "<group>"; };
/* End PBXFileReference section */

/* Begin PBXFrameworksBuildPhase section */
		329EACA12159074800A0C8DA /* Frameworks */ = {
			isa = PBXFrameworksBuildPhase;
			buildActionMask = 2147483647;
			files = (
				387D5281E28256CBE32A12EE /* Pods_Bengaku.framework in Frameworks */,
			);
			runOnlyForDeploymentPostprocessing = 0;
		};
		329EACB52159074900A0C8DA /* Frameworks */ = {
			isa = PBXFrameworksBuildPhase;
			buildActionMask = 2147483647;
			files = (
				AD2A00A13057CFABB4C625DB /* Pods_BengakuTests.framework in Frameworks */,
			);
			runOnlyForDeploymentPostprocessing = 0;
		};
		329EACC02159074900A0C8DA /* Frameworks */ = {
			isa = PBXFrameworksBuildPhase;
			buildActionMask = 2147483647;
			files = (
				6E6DC87C4391F5E1434EFA80 /* Pods_BengakuUITests.framework in Frameworks */,
			);
			runOnlyForDeploymentPostprocessing = 0;
		};
/* End PBXFrameworksBuildPhase section */

/* Begin PBXGroup section */
		29F0B5D7284D47C6A1BE626D /* Pods */ = {
			isa = PBXGroup;
			children = (
				7F7F5C100235E4931E981630 /* Pods-Bengaku.debug.xcconfig */,
				E19B979608C45B9B0CEC136D /* Pods-Bengaku.release.xcconfig */,
				E4E449120092B624296F80E4 /* Pods-BengakuTests.debug.xcconfig */,
				05B3B42A28C4CA0E64C31BB2 /* Pods-BengakuTests.release.xcconfig */,
				80720922206ECF91F73D2257 /* Pods-BengakuUITests.debug.xcconfig */,
				D48079A1E27EEDA15591B024 /* Pods-BengakuUITests.release.xcconfig */,
			);
			name = Pods;
			sourceTree = "<group>";
		};
		329EAC9B2159074800A0C8DA = {
			isa = PBXGroup;
			children = (
				329EACA62159074800A0C8DA /* Bengaku */,
				329EACBB2159074900A0C8DA /* BengakuTests */,
				329EACC62159074900A0C8DA /* BengakuUITests */,
				329EACA52159074800A0C8DA /* Products */,
				29F0B5D7284D47C6A1BE626D /* Pods */,
				5217343C128978C148914601 /* Frameworks */,
			);
			sourceTree = "<group>";
		};
		329EACA52159074800A0C8DA /* Products */ = {
			isa = PBXGroup;
			children = (
				329EACA42159074800A0C8DA /* Bengaku.app */,
				329EACB82159074900A0C8DA /* BengakuTests.xctest */,
				329EACC32159074900A0C8DA /* BengakuUITests.xctest */,
			);
			name = Products;
			sourceTree = "<group>";
		};
		329EACA62159074800A0C8DA /* Bengaku */ = {
			isa = PBXGroup;
			children = (
				329EACA72159074800A0C8DA /* AppDelegate.swift */,
				329EACD521591A3100A0C8DA /* TimetableViewController.swift */,
				329EACAB2159074800A0C8DA /* TimetableViewController.storyboard */,
				329EACAE2159074900A0C8DA /* Assets.xcassets */,
				329EACB02159074900A0C8DA /* LaunchScreen.storyboard */,
				329EACB32159074900A0C8DA /* Info.plist */,
			);
			path = Bengaku;
			sourceTree = "<group>";
		};
		329EACBB2159074900A0C8DA /* BengakuTests */ = {
			isa = PBXGroup;
			children = (
				329EACBC2159074900A0C8DA /* BengakuTests.swift */,
				329EACBE2159074900A0C8DA /* Info.plist */,
			);
			path = BengakuTests;
			sourceTree = "<group>";
		};
		329EACC62159074900A0C8DA /* BengakuUITests */ = {
			isa = PBXGroup;
			children = (
				329EACC72159074900A0C8DA /* BengakuUITests.swift */,
				329EACC92159074900A0C8DA /* Info.plist */,
			);
			path = BengakuUITests;
			sourceTree = "<group>";
		};
		5217343C128978C148914601 /* Frameworks */ = {
			isa = PBXGroup;
			children = (
				176FA04C4ED6AAC0CD77B6FE /* Pods_Bengaku.framework */,
				6972D3283AE4567FA359DC60 /* Pods_BengakuTests.framework */,
				D0100BA6F3CD569150BCB3AA /* Pods_BengakuUITests.framework */,
			);
			name = Frameworks;
			sourceTree = "<group>";
		};
/* End PBXGroup section */

/* Begin PBXNativeTarget section */
		329EACA32159074800A0C8DA /* Bengaku */ = {
			isa = PBXNativeTarget;
			buildConfigurationList = 329EACCC2159074900A0C8DA /* Build configuration list for PBXNativeTarget "Bengaku" */;
			buildPhases = (
				4F8C1BA80CDB124ADCDCA1DF /* [CP] Check Pods Manifest.lock */,
				329EACA02159074800A0C8DA /* Sources */,
				329EACA12159074800A0C8DA /* Frameworks */,
				329EACA22159074800A0C8DA /* Resources */,
				400CC045ED8CB544AD569DAB /* [CP] Embed Pods Frameworks */,
			);
			buildRules = (
			);
			dependencies = (
			);
			name = Bengaku;
			productName = Bengaku;
			productReference = 329EACA42159074800A0C8DA /* Bengaku.app */;
			productType = "com.apple.product-type.application";
		};
		329EACB72159074900A0C8DA /* BengakuTests */ = {
			isa = PBXNativeTarget;
			buildConfigurationList = 329EACCF2159074900A0C8DA /* Build configuration list for PBXNativeTarget "BengakuTests" */;
			buildPhases = (
				5888CEE2C94B1F33F6C38951 /* [CP] Check Pods Manifest.lock */,
				329EACB42159074900A0C8DA /* Sources */,
				329EACB52159074900A0C8DA /* Frameworks */,
				329EACB62159074900A0C8DA /* Resources */,
			);
			buildRules = (
			);
			dependencies = (
				329EACBA2159074900A0C8DA /* PBXTargetDependency */,
			);
			name = BengakuTests;
			productName = BengakuTests;
			productReference = 329EACB82159074900A0C8DA /* BengakuTests.xctest */;
			productType = "com.apple.product-type.bundle.unit-test";
		};
		329EACC22159074900A0C8DA /* BengakuUITests */ = {
			isa = PBXNativeTarget;
			buildConfigurationList = 329EACD22159074900A0C8DA /* Build configuration list for PBXNativeTarget "BengakuUITests" */;
			buildPhases = (
				1DBA55B310389130B7B183F0 /* [CP] Check Pods Manifest.lock */,
				329EACBF2159074900A0C8DA /* Sources */,
				329EACC02159074900A0C8DA /* Frameworks */,
				329EACC12159074900A0C8DA /* Resources */,
			);
			buildRules = (
			);
			dependencies = (
				329EACC52159074900A0C8DA /* PBXTargetDependency */,
			);
			name = BengakuUITests;
			productName = BengakuUITests;
			productReference = 329EACC32159074900A0C8DA /* BengakuUITests.xctest */;
			productType = "com.apple.product-type.bundle.ui-testing";
		};
/* End PBXNativeTarget section */

/* Begin PBXProject section */
		329EAC9C2159074800A0C8DA /* Project object */ = {
			isa = PBXProject;
			attributes = {
				LastSwiftUpdateCheck = 0940;
				LastUpgradeCheck = 0940;
				ORGANIZATIONNAME = "陸　前田";
				TargetAttributes = {
					329EACA32159074800A0C8DA = {
						CreatedOnToolsVersion = 9.4.1;
					};
					329EACB72159074900A0C8DA = {
						CreatedOnToolsVersion = 9.4.1;
						TestTargetID = 329EACA32159074800A0C8DA;
					};
					329EACC22159074900A0C8DA = {
						CreatedOnToolsVersion = 9.4.1;
						TestTargetID = 329EACA32159074800A0C8DA;
					};
				};
			};
			buildConfigurationList = 329EAC9F2159074800A0C8DA /* Build configuration list for PBXProject "Bengaku" */;
			compatibilityVersion = "Xcode 9.3";
			developmentRegion = en;
			hasScannedForEncodings = 0;
			knownRegions = (
				en,
				Base,
			);
			mainGroup = 329EAC9B2159074800A0C8DA;
			productRefGroup = 329EACA52159074800A0C8DA /* Products */;
			projectDirPath = "";
			projectRoot = "";
			targets = (
				329EACA32159074800A0C8DA /* Bengaku */,
				329EACB72159074900A0C8DA /* BengakuTests */,
				329EACC22159074900A0C8DA /* BengakuUITests */,
			);
		};
/* End PBXProject section */

/* Begin PBXResourcesBuildPhase section */
		329EACA22159074800A0C8DA /* Resources */ = {
			isa = PBXResourcesBuildPhase;
			buildActionMask = 2147483647;
			files = (
				329EACB22159074900A0C8DA /* LaunchScreen.storyboard in Resources */,
				329EACAF2159074900A0C8DA /* Assets.xcassets in Resources */,
				329EACAD2159074800A0C8DA /* TimetableViewController.storyboard in Resources */,
			);
			runOnlyForDeploymentPostprocessing = 0;
		};
		329EACB62159074900A0C8DA /* Resources */ = {
			isa = PBXResourcesBuildPhase;
			buildActionMask = 2147483647;
			files = (
			);
			runOnlyForDeploymentPostprocessing = 0;
		};
		329EACC12159074900A0C8DA /* Resources */ = {
			isa = PBXResourcesBuildPhase;
			buildActionMask = 2147483647;
			files = (
			);
			runOnlyForDeploymentPostprocessing = 0;
		};
/* End PBXResourcesBuildPhase section */

/* Begin PBXShellScriptBuildPhase section */
		1DBA55B310389130B7B183F0 /* [CP] Check Pods Manifest.lock */ = {
			isa = PBXShellScriptBuildPhase;
			buildActionMask = 2147483647;
			files = (
			);
			inputPaths = (
				"${PODS_PODFILE_DIR_PATH}/Podfile.lock",
				"${PODS_ROOT}/Manifest.lock",
			);
			name = "[CP] Check Pods Manifest.lock";
			outputPaths = (
				"$(DERIVED_FILE_DIR)/Pods-BengakuUITests-checkManifestLockResult.txt",
			);
			runOnlyForDeploymentPostprocessing = 0;
			shellPath = /bin/sh;
			shellScript = "diff \"${PODS_PODFILE_DIR_PATH}/Podfile.lock\" \"${PODS_ROOT}/Manifest.lock\" > /dev/null\nif [ $? != 0 ] ; then\n    # print error to STDERR\n    echo \"error: The sandbox is not in sync with the Podfile.lock. Run 'pod install' or update your CocoaPods installation.\" >&2\n    exit 1\nfi\n# This output is used by Xcode 'outputs' to avoid re-running this script phase.\necho \"SUCCESS\" > \"${SCRIPT_OUTPUT_FILE_0}\"\n";
			showEnvVarsInLog = 0;
		};
		400CC045ED8CB544AD569DAB /* [CP] Embed Pods Frameworks */ = {
			isa = PBXShellScriptBuildPhase;
			buildActionMask = 2147483647;
			files = (
			);
			inputPaths = (
				"${SRCROOT}/Pods/Target Support Files/Pods-Bengaku/Pods-Bengaku-frameworks.sh",
				"${BUILT_PRODUCTS_DIR}/SpreadsheetView/SpreadsheetView.framework",
			);
			name = "[CP] Embed Pods Frameworks";
			outputPaths = (
				"${TARGET_BUILD_DIR}/${FRAMEWORKS_FOLDER_PATH}/SpreadsheetView.framework",
			);
			runOnlyForDeploymentPostprocessing = 0;
			shellPath = /bin/sh;
			shellScript = "\"${SRCROOT}/Pods/Target Support Files/Pods-Bengaku/Pods-Bengaku-frameworks.sh\"\n";
			showEnvVarsInLog = 0;
		};
		4F8C1BA80CDB124ADCDCA1DF /* [CP] Check Pods Manifest.lock */ = {
			isa = PBXShellScriptBuildPhase;
			buildActionMask = 2147483647;
			files = (
			);
			inputPaths = (
				"${PODS_PODFILE_DIR_PATH}/Podfile.lock",
				"${PODS_ROOT}/Manifest.lock",
			);
			name = "[CP] Check Pods Manifest.lock";
			outputPaths = (
				"$(DERIVED_FILE_DIR)/Pods-Bengaku-checkManifestLockResult.txt",
			);
			runOnlyForDeploymentPostprocessing = 0;
			shellPath = /bin/sh;
			shellScript = "diff \"${PODS_PODFILE_DIR_PATH}/Podfile.lock\" \"${PODS_ROOT}/Manifest.lock\" > /dev/null\nif [ $? != 0 ] ; then\n    # print error to STDERR\n    echo \"error: The sandbox is not in sync with the Podfile.lock. Run 'pod install' or update your CocoaPods installation.\" >&2\n    exit 1\nfi\n# This output is used by Xcode 'outputs' to avoid re-running this script phase.\necho \"SUCCESS\" > \"${SCRIPT_OUTPUT_FILE_0}\"\n";
			showEnvVarsInLog = 0;
		};
		5888CEE2C94B1F33F6C38951 /* [CP] Check Pods Manifest.lock */ = {
			isa = PBXShellScriptBuildPhase;
			buildActionMask = 2147483647;
			files = (
			);
			inputPaths = (
				"${PODS_PODFILE_DIR_PATH}/Podfile.lock",
				"${PODS_ROOT}/Manifest.lock",
			);
			name = "[CP] Check Pods Manifest.lock";
			outputPaths = (
				"$(DERIVED_FILE_DIR)/Pods-BengakuTests-checkManifestLockResult.txt",
			);
			runOnlyForDeploymentPostprocessing = 0;
			shellPath = /bin/sh;
			shellScript = "diff \"${PODS_PODFILE_DIR_PATH}/Podfile.lock\" \"${PODS_ROOT}/Manifest.lock\" > /dev/null\nif [ $? != 0 ] ; then\n    # print error to STDERR\n    echo \"error: The sandbox is not in sync with the Podfile.lock. Run 'pod install' or update your CocoaPods installation.\" >&2\n    exit 1\nfi\n# This output is used by Xcode 'outputs' to avoid re-running this script phase.\necho \"SUCCESS\" > \"${SCRIPT_OUTPUT_FILE_0}\"\n";
			showEnvVarsInLog = 0;
		};
/* End PBXShellScriptBuildPhase section */

/* Begin PBXSourcesBuildPhase section */
		329EACA02159074800A0C8DA /* Sources */ = {
			isa = PBXSourcesBuildPhase;
			buildActionMask = 2147483647;
			files = (
				329EACD621591A3100A0C8DA /* TimetableViewController.swift in Sources */,
				329EACA82159074800A0C8DA /* AppDelegate.swift in Sources */,
			);
			runOnlyForDeploymentPostprocessing = 0;
		};
		329EACB42159074900A0C8DA /* Sources */ = {
			isa = PBXSourcesBuildPhase;
			buildActionMask = 2147483647;
			files = (
				329EACBD2159074900A0C8DA /* BengakuTests.swift in Sources */,
			);
			runOnlyForDeploymentPostprocessing = 0;
		};
		329EACBF2159074900A0C8DA /* Sources */ = {
			isa = PBXSourcesBuildPhase;
			buildActionMask = 2147483647;
			files = (
				329EACC82159074900A0C8DA /* BengakuUITests.swift in Sources */,
			);
			runOnlyForDeploymentPostprocessing = 0;
		};
/* End PBXSourcesBuildPhase section */

/* Begin PBXTargetDependency section */
		329EACBA2159074900A0C8DA /* PBXTargetDependency */ = {
			isa = PBXTargetDependency;
			target = 329EACA32159074800A0C8DA /* Bengaku */;
			targetProxy = 329EACB92159074900A0C8DA /* PBXContainerItemProxy */;
		};
		329EACC52159074900A0C8DA /* PBXTargetDependency */ = {
			isa = PBXTargetDependency;
			target = 329EACA32159074800A0C8DA /* Bengaku */;
			targetProxy = 329EACC42159074900A0C8DA /* PBXContainerItemProxy */;
		};
/* End PBXTargetDependency section */

/* Begin PBXVariantGroup section */
		329EACAB2159074800A0C8DA /* TimetableViewController.storyboard */ = {
			isa = PBXVariantGroup;
			children = (
				329EACAC2159074800A0C8DA /* Base */,
			);
			name = TimetableViewController.storyboard;
			sourceTree = "<group>";
		};
		329EACB02159074900A0C8DA /* LaunchScreen.storyboard */ = {
			isa = PBXVariantGroup;
			children = (
				329EACB12159074900A0C8DA /* Base */,
			);
			name = LaunchScreen.storyboard;
			sourceTree = "<group>";
		};
/* End PBXVariantGroup section */

/* Begin XCBuildConfiguration section */
		329EACCA2159074900A0C8DA /* Debug */ = {
			isa = XCBuildConfiguration;
			buildSettings = {
				ALWAYS_SEARCH_USER_PATHS = NO;
				CLANG_ANALYZER_NONNULL = YES;
				CLANG_ANALYZER_NUMBER_OBJECT_CONVERSION = YES_AGGRESSIVE;
				CLANG_CXX_LANGUAGE_STANDARD = "gnu++14";
				CLANG_CXX_LIBRARY = "libc++";
				CLANG_ENABLE_MODULES = YES;
				CLANG_ENABLE_OBJC_ARC = YES;
				CLANG_ENABLE_OBJC_WEAK = YES;
				CLANG_WARN_BLOCK_CAPTURE_AUTORELEASING = YES;
				CLANG_WARN_BOOL_CONVERSION = YES;
				CLANG_WARN_COMMA = YES;
				CLANG_WARN_CONSTANT_CONVERSION = YES;
				CLANG_WARN_DEPRECATED_OBJC_IMPLEMENTATIONS = YES;
				CLANG_WARN_DIRECT_OBJC_ISA_USAGE = YES_ERROR;
				CLANG_WARN_DOCUMENTATION_COMMENTS = YES;
				CLANG_WARN_EMPTY_BODY = YES;
				CLANG_WARN_ENUM_CONVERSION = YES;
				CLANG_WARN_INFINITE_RECURSION = YES;
				CLANG_WARN_INT_CONVERSION = YES;
				CLANG_WARN_NON_LITERAL_NULL_CONVERSION = YES;
				CLANG_WARN_OBJC_IMPLICIT_RETAIN_SELF = YES;
				CLANG_WARN_OBJC_LITERAL_CONVERSION = YES;
				CLANG_WARN_OBJC_ROOT_CLASS = YES_ERROR;
				CLANG_WARN_RANGE_LOOP_ANALYSIS = YES;
				CLANG_WARN_STRICT_PROTOTYPES = YES;
				CLANG_WARN_SUSPICIOUS_MOVE = YES;
				CLANG_WARN_UNGUARDED_AVAILABILITY = YES_AGGRESSIVE;
				CLANG_WARN_UNREACHABLE_CODE = YES;
				CLANG_WARN__DUPLICATE_METHOD_MATCH = YES;
				CODE_SIGN_IDENTITY = "iPhone Developer";
				COPY_PHASE_STRIP = NO;
				DEBUG_INFORMATION_FORMAT = dwarf;
				ENABLE_STRICT_OBJC_MSGSEND = YES;
				ENABLE_TESTABILITY = YES;
				GCC_C_LANGUAGE_STANDARD = gnu11;
				GCC_DYNAMIC_NO_PIC = NO;
				GCC_NO_COMMON_BLOCKS = YES;
				GCC_OPTIMIZATION_LEVEL = 0;
				GCC_PREPROCESSOR_DEFINITIONS = (
					"DEBUG=1",
					"$(inherited)",
				);
				GCC_WARN_64_TO_32_BIT_CONVERSION = YES;
				GCC_WARN_ABOUT_RETURN_TYPE = YES_ERROR;
				GCC_WARN_UNDECLARED_SELECTOR = YES;
				GCC_WARN_UNINITIALIZED_AUTOS = YES_AGGRESSIVE;
				GCC_WARN_UNUSED_FUNCTION = YES;
				GCC_WARN_UNUSED_VARIABLE = YES;
				IPHONEOS_DEPLOYMENT_TARGET = 11.4;
				MTL_ENABLE_DEBUG_INFO = YES;
				ONLY_ACTIVE_ARCH = YES;
				SDKROOT = iphoneos;
				SWIFT_ACTIVE_COMPILATION_CONDITIONS = DEBUG;
				SWIFT_OPTIMIZATION_LEVEL = "-Onone";
			};
			name = Debug;
		};
		329EACCB2159074900A0C8DA /* Release */ = {
			isa = XCBuildConfiguration;
			buildSettings = {
				ALWAYS_SEARCH_USER_PATHS = NO;
				CLANG_ANALYZER_NONNULL = YES;
				CLANG_ANALYZER_NUMBER_OBJECT_CONVERSION = YES_AGGRESSIVE;
				CLANG_CXX_LANGUAGE_STANDARD = "gnu++14";
				CLANG_CXX_LIBRARY = "libc++";
				CLANG_ENABLE_MODULES = YES;
				CLANG_ENABLE_OBJC_ARC = YES;
				CLANG_ENABLE_OBJC_WEAK = YES;
				CLANG_WARN_BLOCK_CAPTURE_AUTORELEASING = YES;
				CLANG_WARN_BOOL_CONVERSION = YES;
				CLANG_WARN_COMMA = YES;
				CLANG_WARN_CONSTANT_CONVERSION = YES;
				CLANG_WARN_DEPRECATED_OBJC_IMPLEMENTATIONS = YES;
				CLANG_WARN_DIRECT_OBJC_ISA_USAGE = YES_ERROR;
				CLANG_WARN_DOCUMENTATION_COMMENTS = YES;
				CLANG_WARN_EMPTY_BODY = YES;
				CLANG_WARN_ENUM_CONVERSION = YES;
				CLANG_WARN_INFINITE_RECURSION = YES;
				CLANG_WARN_INT_CONVERSION = YES;
				CLANG_WARN_NON_LITERAL_NULL_CONVERSION = YES;
				CLANG_WARN_OBJC_IMPLICIT_RETAIN_SELF = YES;
				CLANG_WARN_OBJC_LITERAL_CONVERSION = YES;
				CLANG_WARN_OBJC_ROOT_CLASS = YES_ERROR;
				CLANG_WARN_RANGE_LOOP_ANALYSIS = YES;
				CLANG_WARN_STRICT_PROTOTYPES = YES;
				CLANG_WARN_SUSPICIOUS_MOVE = YES;
				CLANG_WARN_UNGUARDED_AVAILABILITY = YES_AGGRESSIVE;
				CLANG_WARN_UNREACHABLE_CODE = YES;
				CLANG_WARN__DUPLICATE_METHOD_MATCH = YES;
				CODE_SIGN_IDENTITY = "iPhone Developer";
				COPY_PHASE_STRIP = NO;
				DEBUG_INFORMATION_FORMAT = "dwarf-with-dsym";
				ENABLE_NS_ASSERTIONS = NO;
				ENABLE_STRICT_OBJC_MSGSEND = YES;
				GCC_C_LANGUAGE_STANDARD = gnu11;
				GCC_NO_COMMON_BLOCKS = YES;
				GCC_WARN_64_TO_32_BIT_CONVERSION = YES;
				GCC_WARN_ABOUT_RETURN_TYPE = YES_ERROR;
				GCC_WARN_UNDECLARED_SELECTOR = YES;
				GCC_WARN_UNINITIALIZED_AUTOS = YES_AGGRESSIVE;
				GCC_WARN_UNUSED_FUNCTION = YES;
				GCC_WARN_UNUSED_VARIABLE = YES;
				IPHONEOS_DEPLOYMENT_TARGET = 11.4;
				MTL_ENABLE_DEBUG_INFO = NO;
				SDKROOT = iphoneos;
				SWIFT_COMPILATION_MODE = wholemodule;
				SWIFT_OPTIMIZATION_LEVEL = "-O";
				VALIDATE_PRODUCT = YES;
			};
			name = Release;
		};
		329EACCD2159074900A0C8DA /* Debug */ = {
			isa = XCBuildConfiguration;
			baseConfigurationReference = 7F7F5C100235E4931E981630 /* Pods-Bengaku.debug.xcconfig */;
			buildSettings = {
				ASSETCATALOG_COMPILER_APPICON_NAME = AppIcon;
				CODE_SIGN_STYLE = Automatic;
				DEVELOPMENT_TEAM = 3FVAM472SV;
				INFOPLIST_FILE = Bengaku/Info.plist;
				LD_RUNPATH_SEARCH_PATHS = (
					"$(inherited)",
					"@executable_path/Frameworks",
				);
				PRODUCT_BUNDLE_IDENTIFIER = org.lb8.Bengaku;
				PRODUCT_NAME = "$(TARGET_NAME)";
				SWIFT_VERSION = 4.0;
				TARGETED_DEVICE_FAMILY = "1,2";
			};
			name = Debug;
		};
		329EACCE2159074900A0C8DA /* Release */ = {
			isa = XCBuildConfiguration;
			baseConfigurationReference = E19B979608C45B9B0CEC136D /* Pods-Bengaku.release.xcconfig */;
			buildSettings = {
				ASSETCATALOG_COMPILER_APPICON_NAME = AppIcon;
				CODE_SIGN_STYLE = Automatic;
				DEVELOPMENT_TEAM = 3FVAM472SV;
				INFOPLIST_FILE = Bengaku/Info.plist;
				LD_RUNPATH_SEARCH_PATHS = (
					"$(inherited)",
					"@executable_path/Frameworks",
				);
				PRODUCT_BUNDLE_IDENTIFIER = org.lb8.Bengaku;
				PRODUCT_NAME = "$(TARGET_NAME)";
				SWIFT_VERSION = 4.0;
				TARGETED_DEVICE_FAMILY = "1,2";
			};
			name = Release;
		};
		329EACD02159074900A0C8DA /* Debug */ = {
			isa = XCBuildConfiguration;
			baseConfigurationReference = E4E449120092B624296F80E4 /* Pods-BengakuTests.debug.xcconfig */;
			buildSettings = {
				ALWAYS_EMBED_SWIFT_STANDARD_LIBRARIES = YES;
				BUNDLE_LOADER = "$(TEST_HOST)";
				CODE_SIGN_STYLE = Automatic;
				DEVELOPMENT_TEAM = 3FVAM472SV;
				INFOPLIST_FILE = BengakuTests/Info.plist;
				LD_RUNPATH_SEARCH_PATHS = (
					"$(inherited)",
					"@executable_path/Frameworks",
					"@loader_path/Frameworks",
				);
				PRODUCT_BUNDLE_IDENTIFIER = org.lb8.BengakuTests;
				PRODUCT_NAME = "$(TARGET_NAME)";
				SWIFT_VERSION = 4.0;
				TARGETED_DEVICE_FAMILY = "1,2";
				TEST_HOST = "$(BUILT_PRODUCTS_DIR)/Bengaku.app/Bengaku";
			};
			name = Debug;
		};
		329EACD12159074900A0C8DA /* Release */ = {
			isa = XCBuildConfiguration;
			baseConfigurationReference = 05B3B42A28C4CA0E64C31BB2 /* Pods-BengakuTests.release.xcconfig */;
			buildSettings = {
				ALWAYS_EMBED_SWIFT_STANDARD_LIBRARIES = YES;
				BUNDLE_LOADER = "$(TEST_HOST)";
				CODE_SIGN_STYLE = Automatic;
				DEVELOPMENT_TEAM = 3FVAM472SV;
				INFOPLIST_FILE = BengakuTests/Info.plist;
				LD_RUNPATH_SEARCH_PATHS = (
					"$(inherited)",
					"@executable_path/Frameworks",
					"@loader_path/Frameworks",
				);
				PRODUCT_BUNDLE_IDENTIFIER = org.lb8.BengakuTests;
				PRODUCT_NAME = "$(TARGET_NAME)";
				SWIFT_VERSION = 4.0;
				TARGETED_DEVICE_FAMILY = "1,2";
				TEST_HOST = "$(BUILT_PRODUCTS_DIR)/Bengaku.app/Bengaku";
			};
			name = Release;
		};
		329EACD32159074900A0C8DA /* Debug */ = {
			isa = XCBuildConfiguration;
			baseConfigurationReference = 80720922206ECF91F73D2257 /* Pods-BengakuUITests.debug.xcconfig */;
			buildSettings = {
				ALWAYS_EMBED_SWIFT_STANDARD_LIBRARIES = YES;
				CODE_SIGN_STYLE = Automatic;
				DEVELOPMENT_TEAM = 3FVAM472SV;
				INFOPLIST_FILE = BengakuUITests/Info.plist;
				LD_RUNPATH_SEARCH_PATHS = (
					"$(inherited)",
					"@executable_path/Frameworks",
					"@loader_path/Frameworks",
				);
				PRODUCT_BUNDLE_IDENTIFIER = org.lb8.BengakuUITests;
				PRODUCT_NAME = "$(TARGET_NAME)";
				SWIFT_VERSION = 4.0;
				TARGETED_DEVICE_FAMILY = "1,2";
				TEST_TARGET_NAME = Bengaku;
			};
			name = Debug;
		};
		329EACD42159074900A0C8DA /* Release */ = {
			isa = XCBuildConfiguration;
			baseConfigurationReference = D48079A1E27EEDA15591B024 /* Pods-BengakuUITests.release.xcconfig */;
			buildSettings = {
				ALWAYS_EMBED_SWIFT_STANDARD_LIBRARIES = YES;
				CODE_SIGN_STYLE = Automatic;
				DEVELOPMENT_TEAM = 3FVAM472SV;
				INFOPLIST_FILE = BengakuUITests/Info.plist;
				LD_RUNPATH_SEARCH_PATHS = (
					"$(inherited)",
					"@executable_path/Frameworks",
					"@loader_path/Frameworks",
				);
				PRODUCT_BUNDLE_IDENTIFIER = org.lb8.BengakuUITests;
				PRODUCT_NAME = "$(TARGET_NAME)";
				SWIFT_VERSION = 4.0;
				TARGETED_DEVICE_FAMILY = "1,2";
				TEST_TARGET_NAME = Bengaku;
			};
			name = Release;
		};
/* End XCBuildConfiguration section */

/* Begin XCConfigurationList section */
		329EAC9F2159074800A0C8DA /* Build configuration list for PBXProject "Bengaku" */ = {
			isa = XCConfigurationList;
			buildConfigurations = (
				329EACCA2159074900A0C8DA /* Debug */,
				329EACCB2159074900A0C8DA /* Release */,
			);
			defaultConfigurationIsVisible = 0;
			defaultConfigurationName = Release;
		};
		329EACCC2159074900A0C8DA /* Build configuration list for PBXNativeTarget "Bengaku" */ = {
			isa = XCConfigurationList;
			buildConfigurations = (
				329EACCD2159074900A0C8DA /* Debug */,
				329EACCE2159074900A0C8DA /* Release */,
			);
			defaultConfigurationIsVisible = 0;
			defaultConfigurationName = Release;
		};
		329EACCF2159074900A0C8DA /* Build configuration list for PBXNativeTarget "BengakuTests" */ = {
			isa = XCConfigurationList;
			buildConfigurations = (
				329EACD02159074900A0C8DA /* Debug */,
				329EACD12159074900A0C8DA /* Release */,
			);
			defaultConfigurationIsVisible = 0;
			defaultConfigurationName = Release;
		};
		329EACD22159074900A0C8DA /* Build configuration list for PBXNativeTarget "BengakuUITests" */ = {
			isa = XCConfigurationList;
			buildConfigurations = (
				329EACD32159074900A0C8DA /* Debug */,
				329EACD42159074900A0C8DA /* Release */,
			);
			defaultConfigurationIsVisible = 0;
			defaultConfigurationName = Release;
		};
/* End XCConfigurationList section */
	};
	rootObject = 329EAC9C2159074800A0C8DA /* Project object */;
}
